
Microsoft Visual Studio Solution File, Format Version 12.00
# Visual Studio Version 17
VisualStudioVersion = 17.7.34202.233
MinimumVisualStudioVersion = 10.0.40219.1
Project("{FAE04EC0-301F-11D3-BF4B-00C04F79EFBC}") = "WebAppCulturest", "WebAppCulturest.csproj", "{F63C46F7-C4F1-4EC5-8CAD-010CF09D235F}"
EndProject
Global
	GlobalSection(SolutionConfigurationPlatforms) = preSolution
		Debug|Any CPU = Debug|Any CPU
		Release|Any CPU = Release|Any CPU
	EndGlobalSection
	GlobalSection(ProjectConfigurationPlatforms) = postSolution
		{F63C46F7-C4F1-4EC5-8CAD-010CF09D235F}.Debug|Any CPU.ActiveCfg = Debug|Any CPU
		{F63C46F7-C4F1-4EC5-8CAD-010CF09D235F}.Debug|Any CPU.Build.0 = Debug|Any CPU
		{F63C46F7-C4F1-4EC5-8CAD-010CF09D235F}.Release|Any CPU.ActiveCfg = Release|Any CPU
		{F63C46F7-C4F1-4EC5-8CAD-010CF09D235F}.Release|Any CPU.Build.0 = Release|Any CPU
	EndGlobalSection
	GlobalSection(SolutionProperties) = preSolution
		HideSolutionNode = FALSE
	EndGlobalSection
	GlobalSection(ExtensibilityGlobals) = postSolution
		SolutionGuid = {8A570C0E-2539-41A7-91D2-0739AB36DD19}
	EndGlobalSection
EndGlobal
